
Microsoft Visual Studio Solution File, Format Version 12.00
# Visual Studio Version 16
VisualStudioVersion = 16.0.28803.202
MinimumVisualStudioVersion = 10.0.40219.1
Project("{8BC9CEB8-8B4A-11D0-8D11-00A0C91BC942}") = "Exercise 5", "Exercise 5\Exercise 5.vcxproj", "{3E3C63FE-A007-48A8-BB32-8DB0086B604E}"
EndProject
Global
	GlobalSection(SolutionConfigurationPlatforms) = preSolution
		Debug|x64 = Debug|x64
		Debug|x86 = Debug|x86
		Release|x64 = Release|x64
		Release|x86 = Release|x86
	EndGlobalSection
	GlobalSection(ProjectConfigurationPlatforms) = postSolution
		{3E3C63FE-A007-48A8-BB32-8DB0086B604E}.Debug|x64.ActiveCfg = Debug|x64
		{3E3C63FE-A007-48A8-BB32-8DB0086B604E}.Debug|x64.Build.0 = Debug|x64
		{3E3C63FE-A007-48A8-BB32-8DB0086B604E}.Debug|x86.ActiveCfg = Debug|Win32
		{3E3C63FE-A007-48A8-BB32-8DB0086B604E}.Debug|x86.Build.0 = Debug|Win32
		{3E3C63FE-A007-48A8-BB32-8DB0086B604E}.Release|x64.ActiveCfg = Release|x64
		{3E3C63FE-A007-48A8-BB32-8DB0086B604E}.Release|x64.Build.0 = Release|x64
		{3E3C63FE-A007-48A8-BB32-8DB0086B604E}.Release|x86.ActiveCfg = Release|Win32
		{3E3C63FE-A007-48A8-BB32-8DB0086B604E}.Release|x86.Build.0 = Release|Win32
	EndGlobalSection
	GlobalSection(SolutionProperties) = preSolution
		HideSolutionNode = FALSE
	EndGlobalSection
	GlobalSection(ExtensibilityGlobals) = postSolution
		SolutionGuid = {92D2D6AA-680B-40A7-AD6A-A53B38E13E39}
	EndGlobalSection
EndGlobal
